
Microsoft Visual Studio Solution File, Format Version 12.00
# Visual Studio Version 16
VisualStudioVersion = 16.0.30907.101
MinimumVisualStudioVersion = 10.0.40219.1
Project("{2150E333-8FDC-42A3-9474-1A3956D46DE8}") = "Services", "Services", "{760C65C2-E3A0-4E84-AEC2-FA5BBF017953}"
EndProject
Project("{E53339B2-1760-4266-BCC7-CA923CBCF16C}") = "docker-compose", "docker-compose.dcproj", "{9A733F6B-AAF2-4C34-9FE2-400339E7EA5E}"
EndProject
Project("{2150E333-8FDC-42A3-9474-1A3956D46DE8}") = "BuildingBlocks", "BuildingBlocks", "{376D5919-7217-44E1-A486-C745A6A6DC3C}"
EndProject
Project("{2150E333-8FDC-42A3-9474-1A3956D46DE8}") = "ApiGateways", "ApiGateways", "{C27EC66B-63F0-42FF-9557-7CE38E1D8833}"
EndProject
Project("{9A19103F-16F7-4668-BE54-9A1E7A4F7556}") = "OcelotApiGw", "ApiGateways\OcelotApiGw\OcelotApiGw.csproj", "{ADEA5372-7435-4592-A770-479CAAFFBC40}"
EndProject
Project("{9A19103F-16F7-4668-BE54-9A1E7A4F7556}") = "Common.Logging", "BuildingBlocks\Common.Logging\Common.Logging.csproj", "{1AF05DE1-57E8-46C5-B783-885E22290E45}"
EndProject
Project("{9A19103F-16F7-4668-BE54-9A1E7A4F7556}") = "Sandline.RMQLibs", "BuildingBlocks\Sandline.RMQLibs\Sandline.RMQLibs.csproj", "{2BD1D436-6ACD-424D-B433-C9828B727A57}"
EndProject
Project("{9A19103F-16F7-4668-BE54-9A1E7A4F7556}") = "SampleBackendSvc", "Services\SampleBackendSvc\SampleBackendSvc.csproj", "{D0E649A4-1276-40D9-87F4-E657BDDE79AD}"
EndProject
Project("{9A19103F-16F7-4668-BE54-9A1E7A4F7556}") = "SampleFrontendSvc", "Services\SampleFrontendSvc\SampleFrontendSvc.csproj", "{12FF31ED-23FB-4590-8B7C-64514FE7EE65}"
EndProject
Global
	GlobalSection(SolutionConfigurationPlatforms) = preSolution
		Debug|Any CPU = Debug|Any CPU
		Release|Any CPU = Release|Any CPU
	EndGlobalSection
	GlobalSection(ProjectConfigurationPlatforms) = postSolution
		{9A733F6B-AAF2-4C34-9FE2-400339E7EA5E}.Debug|Any CPU.ActiveCfg = Debug|Any CPU
		{9A733F6B-AAF2-4C34-9FE2-400339E7EA5E}.Debug|Any CPU.Build.0 = Debug|Any CPU
		{9A733F6B-AAF2-4C34-9FE2-400339E7EA5E}.Release|Any CPU.ActiveCfg = Release|Any CPU
		{9A733F6B-AAF2-4C34-9FE2-400339E7EA5E}.Release|Any CPU.Build.0 = Release|Any CPU
		{ADEA5372-7435-4592-A770-479CAAFFBC40}.Debug|Any CPU.ActiveCfg = Debug|Any CPU
		{ADEA5372-7435-4592-A770-479CAAFFBC40}.Debug|Any CPU.Build.0 = Debug|Any CPU
		{ADEA5372-7435-4592-A770-479CAAFFBC40}.Release|Any CPU.ActiveCfg = Release|Any CPU
		{ADEA5372-7435-4592-A770-479CAAFFBC40}.Release|Any CPU.Build.0 = Release|Any CPU
		{1AF05DE1-57E8-46C5-B783-885E22290E45}.Debug|Any CPU.ActiveCfg = Debug|Any CPU
		{1AF05DE1-57E8-46C5-B783-885E22290E45}.Debug|Any CPU.Build.0 = Debug|Any CPU
		{1AF05DE1-57E8-46C5-B783-885E22290E45}.Release|Any CPU.ActiveCfg = Release|Any CPU
		{1AF05DE1-57E8-46C5-B783-885E22290E45}.Release|Any CPU.Build.0 = Release|Any CPU
		{2BD1D436-6ACD-424D-B433-C9828B727A57}.Debug|Any CPU.ActiveCfg = Debug|Any CPU
		{2BD1D436-6ACD-424D-B433-C9828B727A57}.Debug|Any CPU.Build.0 = Debug|Any CPU
		{2BD1D436-6ACD-424D-B433-C9828B727A57}.Release|Any CPU.ActiveCfg = Release|Any CPU
		{2BD1D436-6ACD-424D-B433-C9828B727A57}.Release|Any CPU.Build.0 = Release|Any CPU
		{D0E649A4-1276-40D9-87F4-E657BDDE79AD}.Debug|Any CPU.ActiveCfg = Debug|Any CPU
		{D0E649A4-1276-40D9-87F4-E657BDDE79AD}.Debug|Any CPU.Build.0 = Debug|Any CPU
		{D0E649A4-1276-40D9-87F4-E657BDDE79AD}.Release|Any CPU.ActiveCfg = Release|Any CPU
		{D0E649A4-1276-40D9-87F4-E657BDDE79AD}.Release|Any CPU.Build.0 = Release|Any CPU
		{12FF31ED-23FB-4590-8B7C-64514FE7EE65}.Debug|Any CPU.ActiveCfg = Debug|Any CPU
		{12FF31ED-23FB-4590-8B7C-64514FE7EE65}.Debug|Any CPU.Build.0 = Debug|Any CPU
		{12FF31ED-23FB-4590-8B7C-64514FE7EE65}.Release|Any CPU.ActiveCfg = Release|Any CPU
		{12FF31ED-23FB-4590-8B7C-64514FE7EE65}.Release|Any CPU.Build.0 = Release|Any CPU
	EndGlobalSection
	GlobalSection(SolutionProperties) = preSolution
		HideSolutionNode = FALSE
	EndGlobalSection
	GlobalSection(NestedProjects) = preSolution
		{ADEA5372-7435-4592-A770-479CAAFFBC40} = {C27EC66B-63F0-42FF-9557-7CE38E1D8833}
		{1AF05DE1-57E8-46C5-B783-885E22290E45} = {376D5919-7217-44E1-A486-C745A6A6DC3C}
		{2BD1D436-6ACD-424D-B433-C9828B727A57} = {376D5919-7217-44E1-A486-C745A6A6DC3C}
		{D0E649A4-1276-40D9-87F4-E657BDDE79AD} = {760C65C2-E3A0-4E84-AEC2-FA5BBF017953}
		{12FF31ED-23FB-4590-8B7C-64514FE7EE65} = {760C65C2-E3A0-4E84-AEC2-FA5BBF017953}
	EndGlobalSection
	GlobalSection(ExtensibilityGlobals) = postSolution
		SolutionGuid = {88FFFC32-4AC5-49E1-B00B-EC5AA024BE5E}
	EndGlobalSection
EndGlobal
